
Microsoft Visual Studio Solution File, Format Version 12.00
# Visual Studio Version 16
VisualStudioVersion = 16.0.29326.143
MinimumVisualStudioVersion = 10.0.40219.1
Project("{FAE04EC0-301F-11D3-BF4B-00C04F79EFBC}") = "Session2_AspWebForm_Oil", "Session2_AspWebForm_Oil\Session2_AspWebForm_Oil.csproj", "{DE5EAF8C-F50E-410A-99FE-60094E3D72AA}"
EndProject
Project("{FAE04EC0-301F-11D3-BF4B-00C04F79EFBC}") = "SchoolDemo", "SchoolDemo\SchoolDemo.csproj", "{7A24B4DC-C322-411D-BB12-62CE92590502}"
EndProject
Project("{FAE04EC0-301F-11D3-BF4B-00C04F79EFBC}") = "SchoolDemo.DAL", "SchoolDemo.DAL\SchoolDemo.DAL.csproj", "{EB9717D6-1E41-4079-8D6C-ACA862877FC1}"
EndProject
Global
	GlobalSection(SolutionConfigurationPlatforms) = preSolution
		Debug|Any CPU = Debug|Any CPU
		Release|Any CPU = Release|Any CPU
	EndGlobalSection
	GlobalSection(ProjectConfigurationPlatforms) = postSolution
		{DE5EAF8C-F50E-410A-99FE-60094E3D72AA}.Debug|Any CPU.ActiveCfg = Debug|Any CPU
		{DE5EAF8C-F50E-410A-99FE-60094E3D72AA}.Debug|Any CPU.Build.0 = Debug|Any CPU
		{DE5EAF8C-F50E-410A-99FE-60094E3D72AA}.Release|Any CPU.ActiveCfg = Release|Any CPU
		{DE5EAF8C-F50E-410A-99FE-60094E3D72AA}.Release|Any CPU.Build.0 = Release|Any CPU
		{7A24B4DC-C322-411D-BB12-62CE92590502}.Debug|Any CPU.ActiveCfg = Debug|Any CPU
		{7A24B4DC-C322-411D-BB12-62CE92590502}.Debug|Any CPU.Build.0 = Debug|Any CPU
		{7A24B4DC-C322-411D-BB12-62CE92590502}.Release|Any CPU.ActiveCfg = Release|Any CPU
		{7A24B4DC-C322-411D-BB12-62CE92590502}.Release|Any CPU.Build.0 = Release|Any CPU
		{EB9717D6-1E41-4079-8D6C-ACA862877FC1}.Debug|Any CPU.ActiveCfg = Debug|Any CPU
		{EB9717D6-1E41-4079-8D6C-ACA862877FC1}.Debug|Any CPU.Build.0 = Debug|Any CPU
		{EB9717D6-1E41-4079-8D6C-ACA862877FC1}.Release|Any CPU.ActiveCfg = Release|Any CPU
		{EB9717D6-1E41-4079-8D6C-ACA862877FC1}.Release|Any CPU.Build.0 = Release|Any CPU
	EndGlobalSection
	GlobalSection(SolutionProperties) = preSolution
		HideSolutionNode = FALSE
	EndGlobalSection
	GlobalSection(ExtensibilityGlobals) = postSolution
		SolutionGuid = {88C7D662-7EDA-4643-BA69-3D1A174CFFCA}
	EndGlobalSection
EndGlobal
